
Microsoft Visual Studio Solution File, Format Version 12.00
# Visual Studio Version 17
VisualStudioVersion = 17.0.31903.59
MinimumVisualStudioVersion = 10.0.40219.1
Project("{F2A71F9B-5D33-465A-A702-920D77279786}") = "FsiX.Cli", "FsiX.Cli\FsiX.Cli.fsproj", "{B4142E78-8466-490B-A24D-97A7877E54D6}"
EndProject
Project("{F2A71F9B-5D33-465A-A702-920D77279786}") = "FsiX.Cli.Web", "FsiX.Cli.Web\FsiX.Cli.Web.fsproj", "{DE47E00C-1086-4E9B-A638-F53B63AC2087}"
EndProject
Project("{F2A71F9B-5D33-465A-A702-920D77279786}") = "FsiX.Tests", "FsiX.Tests\FsiX.Tests.fsproj", "{6337D9DE-47DD-4B4D-A665-007C51DB83B8}"
EndProject
Project("{F2A71F9B-5D33-465A-A702-920D77279786}") = "FsiX", "FsiX\FsiX.fsproj", "{BA333C41-7EA5-4192-9042-F7C9699B1E9E}"
EndProject
Global
	GlobalSection(SolutionConfigurationPlatforms) = preSolution
		Debug|Any CPU = Debug|Any CPU
		Debug|x64 = Debug|x64
		Debug|x86 = Debug|x86
		Release|Any CPU = Release|Any CPU
		Release|x64 = Release|x64
		Release|x86 = Release|x86
	EndGlobalSection
	GlobalSection(ProjectConfigurationPlatforms) = postSolution
		{B4142E78-8466-490B-A24D-97A7877E54D6}.Debug|Any CPU.ActiveCfg = Debug|Any CPU
		{B4142E78-8466-490B-A24D-97A7877E54D6}.Debug|Any CPU.Build.0 = Debug|Any CPU
		{B4142E78-8466-490B-A24D-97A7877E54D6}.Debug|x64.ActiveCfg = Debug|Any CPU
		{B4142E78-8466-490B-A24D-97A7877E54D6}.Debug|x64.Build.0 = Debug|Any CPU
		{B4142E78-8466-490B-A24D-97A7877E54D6}.Debug|x86.ActiveCfg = Debug|Any CPU
		{B4142E78-8466-490B-A24D-97A7877E54D6}.Debug|x86.Build.0 = Debug|Any CPU
		{B4142E78-8466-490B-A24D-97A7877E54D6}.Release|Any CPU.ActiveCfg = Release|Any CPU
		{B4142E78-8466-490B-A24D-97A7877E54D6}.Release|Any CPU.Build.0 = Release|Any CPU
		{B4142E78-8466-490B-A24D-97A7877E54D6}.Release|x64.ActiveCfg = Release|Any CPU
		{B4142E78-8466-490B-A24D-97A7877E54D6}.Release|x64.Build.0 = Release|Any CPU
		{B4142E78-8466-490B-A24D-97A7877E54D6}.Release|x86.ActiveCfg = Release|Any CPU
		{B4142E78-8466-490B-A24D-97A7877E54D6}.Release|x86.Build.0 = Release|Any CPU
		{DE47E00C-1086-4E9B-A638-F53B63AC2087}.Debug|Any CPU.ActiveCfg = Debug|Any CPU
		{DE47E00C-1086-4E9B-A638-F53B63AC2087}.Debug|Any CPU.Build.0 = Debug|Any CPU
		{DE47E00C-1086-4E9B-A638-F53B63AC2087}.Debug|x64.ActiveCfg = Debug|Any CPU
		{DE47E00C-1086-4E9B-A638-F53B63AC2087}.Debug|x64.Build.0 = Debug|Any CPU
		{DE47E00C-1086-4E9B-A638-F53B63AC2087}.Debug|x86.ActiveCfg = Debug|Any CPU
		{DE47E00C-1086-4E9B-A638-F53B63AC2087}.Debug|x86.Build.0 = Debug|Any CPU
		{DE47E00C-1086-4E9B-A638-F53B63AC2087}.Release|Any CPU.ActiveCfg = Release|Any CPU
		{DE47E00C-1086-4E9B-A638-F53B63AC2087}.Release|Any CPU.Build.0 = Release|Any CPU
		{DE47E00C-1086-4E9B-A638-F53B63AC2087}.Release|x64.ActiveCfg = Release|Any CPU
		{DE47E00C-1086-4E9B-A638-F53B63AC2087}.Release|x64.Build.0 = Release|Any CPU
		{DE47E00C-1086-4E9B-A638-F53B63AC2087}.Release|x86.ActiveCfg = Release|Any CPU
		{DE47E00C-1086-4E9B-A638-F53B63AC2087}.Release|x86.Build.0 = Release|Any CPU
		{6337D9DE-47DD-4B4D-A665-007C51DB83B8}.Debug|Any CPU.ActiveCfg = Debug|Any CPU
		{6337D9DE-47DD-4B4D-A665-007C51DB83B8}.Debug|Any CPU.Build.0 = Debug|Any CPU
		{6337D9DE-47DD-4B4D-A665-007C51DB83B8}.Debug|x64.ActiveCfg = Debug|Any CPU
		{6337D9DE-47DD-4B4D-A665-007C51DB83B8}.Debug|x64.Build.0 = Debug|Any CPU
		{6337D9DE-47DD-4B4D-A665-007C51DB83B8}.Debug|x86.ActiveCfg = Debug|Any CPU
		{6337D9DE-47DD-4B4D-A665-007C51DB83B8}.Debug|x86.Build.0 = Debug|Any CPU
		{6337D9DE-47DD-4B4D-A665-007C51DB83B8}.Release|Any CPU.ActiveCfg = Release|Any CPU
		{6337D9DE-47DD-4B4D-A665-007C51DB83B8}.Release|Any CPU.Build.0 = Release|Any CPU
		{6337D9DE-47DD-4B4D-A665-007C51DB83B8}.Release|x64.ActiveCfg = Release|Any CPU
		{6337D9DE-47DD-4B4D-A665-007C51DB83B8}.Release|x64.Build.0 = Release|Any CPU
		{6337D9DE-47DD-4B4D-A665-007C51DB83B8}.Release|x86.ActiveCfg = Release|Any CPU
		{6337D9DE-47DD-4B4D-A665-007C51DB83B8}.Release|x86.Build.0 = Release|Any CPU
		{BA333C41-7EA5-4192-9042-F7C9699B1E9E}.Debug|Any CPU.ActiveCfg = Debug|Any CPU
		{BA333C41-7EA5-4192-9042-F7C9699B1E9E}.Debug|Any CPU.Build.0 = Debug|Any CPU
		{BA333C41-7EA5-4192-9042-F7C9699B1E9E}.Debug|x64.ActiveCfg = Debug|Any CPU
		{BA333C41-7EA5-4192-9042-F7C9699B1E9E}.Debug|x64.Build.0 = Debug|Any CPU
		{BA333C41-7EA5-4192-9042-F7C9699B1E9E}.Debug|x86.ActiveCfg = Debug|Any CPU
		{BA333C41-7EA5-4192-9042-F7C9699B1E9E}.Debug|x86.Build.0 = Debug|Any CPU
		{BA333C41-7EA5-4192-9042-F7C9699B1E9E}.Release|Any CPU.ActiveCfg = Release|Any CPU
		{BA333C41-7EA5-4192-9042-F7C9699B1E9E}.Release|Any CPU.Build.0 = Release|Any CPU
		{BA333C41-7EA5-4192-9042-F7C9699B1E9E}.Release|x64.ActiveCfg = Release|Any CPU
		{BA333C41-7EA5-4192-9042-F7C9699B1E9E}.Release|x64.Build.0 = Release|Any CPU
		{BA333C41-7EA5-4192-9042-F7C9699B1E9E}.Release|x86.ActiveCfg = Release|Any CPU
		{BA333C41-7EA5-4192-9042-F7C9699B1E9E}.Release|x86.Build.0 = Release|Any CPU
	EndGlobalSection
	GlobalSection(SolutionProperties) = preSolution
		HideSolutionNode = FALSE
	EndGlobalSection
EndGlobal
